// !$*UTF8*$!
{
	archiveVersion = 1;
	classes = {
	};
	objectVersion = 52;
	objects = {

/* Begin PBXBuildFile section */
		BB56F87C262963A100161F72 /* AppDelegate.swift in Sources */ = {isa = PBXBuildFile; fileRef = BB56F87B262963A100161F72 /* AppDelegate.swift */; };
		BB56F87E262963A100161F72 /* SceneDelegate.swift in Sources */ = {isa = PBXBuildFile; fileRef = BB56F87D262963A100161F72 /* SceneDelegate.swift */; };
		BB56F880262963A100161F72 /* ContentView.swift in Sources */ = {isa = PBXBuildFile; fileRef = BB56F87F262963A100161F72 /* ContentView.swift */; };
		BB56F883262963A100161F72 /* MealAPI.xcdatamodeld in Sources */ = {isa = PBXBuildFile; fileRef = BB56F881262963A100161F72 /* MealAPI.xcdatamodeld */; };
		BB56F885262963A200161F72 /* Assets.xcassets in Resources */ = {isa = PBXBuildFile; fileRef = BB56F884262963A200161F72 /* Assets.xcassets */; };
		BB56F888262963A200161F72 /* Preview Assets.xcassets in Resources */ = {isa = PBXBuildFile; fileRef = BB56F887262963A200161F72 /* Preview Assets.xcassets */; };
		BB56F88B262963A200161F72 /* LaunchScreen.storyboard in Resources */ = {isa = PBXBuildFile; fileRef = BB56F889262963A200161F72 /* LaunchScreen.storyboard */; };
		BB56F8C12629648400161F72 /* SwiftyJSON in Frameworks */ = {isa = PBXBuildFile; productRef = BB56F8C02629648400161F72 /* SwiftyJSON */; };
		BB6A5A412629DB1C00359D04 /* SDWebImageSwiftUI in Frameworks */ = {isa = PBXBuildFile; productRef = BB6A5A402629DB1C00359D04 /* SDWebImageSwiftUI */; };
		BB793B262632698D00E3AB09 /* SearchViewModel.swift in Sources */ = {isa = PBXBuildFile; fileRef = BB793B252632698D00E3AB09 /* SearchViewModel.swift */; };
		BB793B2926326A1400E3AB09 /* SearchList.swift in Sources */ = {isa = PBXBuildFile; fileRef = BB793B2826326A1400E3AB09 /* SearchList.swift */; };
		BB865172262D243900833C40 /* Meal.swift in Sources */ = {isa = PBXBuildFile; fileRef = BB865171262D243900833C40 /* Meal.swift */; };
		BB865175262D248500833C40 /* MealViewModel.swift in Sources */ = {isa = PBXBuildFile; fileRef = BB865174262D248500833C40 /* MealViewModel.swift */; };
		BB865178262D269600833C40 /* MealList.swift in Sources */ = {isa = PBXBuildFile; fileRef = BB865177262D269600833C40 /* MealList.swift */; };
		BB86517C262D26AC00833C40 /* MealDetail.swift in Sources */ = {isa = PBXBuildFile; fileRef = BB86517B262D26AC00833C40 /* MealDetail.swift */; };
		BB86517F262D26BB00833C40 /* Profile.swift in Sources */ = {isa = PBXBuildFile; fileRef = BB86517E262D26BB00833C40 /* Profile.swift */; };
		BBF0BA23262FC9C0007296B1 /* FavoriteMeal+CoreDataClass.swift in Sources */ = {isa = PBXBuildFile; fileRef = BBF0BA21262FC9C0007296B1 /* FavoriteMeal+CoreDataClass.swift */; };
		BBF0BA24262FC9C0007296B1 /* FavoriteMeal+CoreDataProperties.swift in Sources */ = {isa = PBXBuildFile; fileRef = BBF0BA22262FC9C0007296B1 /* FavoriteMeal+CoreDataProperties.swift */; };
		BBF0BA27262FCAF8007296B1 /* FavoriteMealList.swift in Sources */ = {isa = PBXBuildFile; fileRef = BBF0BA26262FCAF8007296B1 /* FavoriteMealList.swift */; };
		BBF0BA2A262FCBA1007296B1 /* FavoriteMealDetail.swift in Sources */ = {isa = PBXBuildFile; fileRef = BBF0BA29262FCBA1007296B1 /* FavoriteMealDetail.swift */; };
/* End PBXBuildFile section */

/* Begin PBXFileReference section */
		BB56F878262963A100161F72 /* MealAPI.app */ = {isa = PBXFileReference; explicitFileType = wrapper.application; includeInIndex = 0; path = MealAPI.app; sourceTree = BUILT_PRODUCTS_DIR; };
		BB56F87B262963A100161F72 /* AppDelegate.swift */ = {isa = PBXFileReference; lastKnownFileType = sourcecode.swift; path = AppDelegate.swift; sourceTree = "<group>"; };
		BB56F87D262963A100161F72 /* SceneDelegate.swift */ = {isa = PBXFileReference; lastKnownFileType = sourcecode.swift; path = SceneDelegate.swift; sourceTree = "<group>"; };
		BB56F87F262963A100161F72 /* ContentView.swift */ = {isa = PBXFileReference; lastKnownFileType = sourcecode.swift; path = ContentView.swift; sourceTree = "<group>"; };
		BB56F882262963A100161F72 /* MealAPI.xcdatamodel */ = {isa = PBXFileReference; lastKnownFileType = wrapper.xcdatamodel; path = MealAPI.xcdatamodel; sourceTree = "<group>"; };
		BB56F884262963A200161F72 /* Assets.xcassets */ = {isa = PBXFileReference; lastKnownFileType = folder.assetcatalog; path = Assets.xcassets; sourceTree = "<group>"; };
		BB56F887262963A200161F72 /* Preview Assets.xcassets */ = {isa = PBXFileReference; lastKnownFileType = folder.assetcatalog; path = "Preview Assets.xcassets"; sourceTree = "<group>"; };
		BB56F88A262963A200161F72 /* Base */ = {isa = PBXFileReference; lastKnownFileType = file.storyboard; name = Base; path = Base.lproj/LaunchScreen.storyboard; sourceTree = "<group>"; };
		BB56F88C262963A200161F72 /* Info.plist */ = {isa = PBXFileReference; lastKnownFileType = text.plist.xml; path = Info.plist; sourceTree = "<group>"; };
		BB793B252632698D00E3AB09 /* SearchViewModel.swift */ = {isa = PBXFileReference; lastKnownFileType = sourcecode.swift; path = SearchViewModel.swift; sourceTree = "<group>"; };
		BB793B2826326A1400E3AB09 /* SearchList.swift */ = {isa = PBXFileReference; lastKnownFileType = sourcecode.swift; path = SearchList.swift; sourceTree = "<group>"; };
		BB865171262D243900833C40 /* Meal.swift */ = {isa = PBXFileReference; lastKnownFileType = sourcecode.swift; path = Meal.swift; sourceTree = "<group>"; };
		BB865174262D248500833C40 /* MealViewModel.swift */ = {isa = PBXFileReference; lastKnownFileType = sourcecode.swift; path = MealViewModel.swift; sourceTree = "<group>"; };
		BB865177262D269600833C40 /* MealList.swift */ = {isa = PBXFileReference; lastKnownFileType = sourcecode.swift; path = MealList.swift; sourceTree = "<group>"; };
		BB86517B262D26AC00833C40 /* MealDetail.swift */ = {isa = PBXFileReference; lastKnownFileType = sourcecode.swift; path = MealDetail.swift; sourceTree = "<group>"; };
		BB86517E262D26BB00833C40 /* Profile.swift */ = {isa = PBXFileReference; lastKnownFileType = sourcecode.swift; path = Profile.swift; sourceTree = "<group>"; };
		BBF0BA21262FC9C0007296B1 /* FavoriteMeal+CoreDataClass.swift */ = {isa = PBXFileReference; lastKnownFileType = sourcecode.swift; path = "FavoriteMeal+CoreDataClass.swift"; sourceTree = SOURCE_ROOT; };
		BBF0BA22262FC9C0007296B1 /* FavoriteMeal+CoreDataProperties.swift */ = {isa = PBXFileReference; lastKnownFileType = sourcecode.swift; path = "FavoriteMeal+CoreDataProperties.swift"; sourceTree = SOURCE_ROOT; };
		BBF0BA26262FCAF8007296B1 /* FavoriteMealList.swift */ = {isa = PBXFileReference; lastKnownFileType = sourcecode.swift; path = FavoriteMealList.swift; sourceTree = "<group>"; };
		BBF0BA29262FCBA1007296B1 /* FavoriteMealDetail.swift */ = {isa = PBXFileReference; lastKnownFileType = sourcecode.swift; path = FavoriteMealDetail.swift; sourceTree = "<group>"; };
/* End PBXFileReference section */

/* Begin PBXFrameworksBuildPhase section */
		BB56F875262963A100161F72 /* Frameworks */ = {
			isa = PBXFrameworksBuildPhase;
			buildActionMask = 2147483647;
			files = (
				BB6A5A412629DB1C00359D04 /* SDWebImageSwiftUI in Frameworks */,
				BB56F8C12629648400161F72 /* SwiftyJSON in Frameworks */,
			);
			runOnlyForDeploymentPostprocessing = 0;
		};
/* End PBXFrameworksBuildPhase section */

/* Begin PBXGroup section */
		BB56F86F262963A100161F72 = {
			isa = PBXGroup;
			children = (
				BB56F87A262963A100161F72 /* MealAPI */,
				BB56F879262963A100161F72 /* Products */,
			);
			sourceTree = "<group>";
		};
		BB56F879262963A100161F72 /* Products */ = {
			isa = PBXGroup;
			children = (
				BB56F878262963A100161F72 /* MealAPI.app */,
			);
			name = Products;
			sourceTree = "<group>";
		};
		BB56F87A262963A100161F72 /* MealAPI */ = {
			isa = PBXGroup;
			children = (
				BBF0BA14262FC48F007296B1 /* CoreData */,
				BB86516C262D240300833C40 /* ViewModel */,
				BB86516B262D23E400833C40 /* Model */,
				BB86516A262D23D500833C40 /* View */,
				BB865169262D23C400833C40 /* Base */,
				BB56F884262963A200161F72 /* Assets.xcassets */,
				BB56F889262963A200161F72 /* LaunchScreen.storyboard */,
				BB56F88C262963A200161F72 /* Info.plist */,
				BB56F886262963A200161F72 /* Preview Content */,
			);
			path = MealAPI;
			sourceTree = "<group>";
		};
		BB56F886262963A200161F72 /* Preview Content */ = {
			isa = PBXGroup;
			children = (
				BB56F887262963A200161F72 /* Preview Assets.xcassets */,
			);
			path = "Preview Content";
			sourceTree = "<group>";
		};
		BB865169262D23C400833C40 /* Base */ = {
			isa = PBXGroup;
			children = (
				BB56F87B262963A100161F72 /* AppDelegate.swift */,
				BB56F87D262963A100161F72 /* SceneDelegate.swift */,
			);
			path = Base;
			sourceTree = "<group>";
		};
		BB86516A262D23D500833C40 /* View */ = {
			isa = PBXGroup;
			children = (
				BB56F87F262963A100161F72 /* ContentView.swift */,
				BB865177262D269600833C40 /* MealList.swift */,
				BB86517B262D26AC00833C40 /* MealDetail.swift */,
				BB86517E262D26BB00833C40 /* Profile.swift */,
				BBF0BA26262FCAF8007296B1 /* FavoriteMealList.swift */,
				BBF0BA29262FCBA1007296B1 /* FavoriteMealDetail.swift */,
				BB793B2826326A1400E3AB09 /* SearchList.swift */,
			);
			path = View;
			sourceTree = "<group>";
		};
		BB86516B262D23E400833C40 /* Model */ = {
			isa = PBXGroup;
			children = (
				BB865171262D243900833C40 /* Meal.swift */,
			);
			path = Model;
			sourceTree = "<group>";
		};
		BB86516C262D240300833C40 /* ViewModel */ = {
			isa = PBXGroup;
			children = (
				BB865174262D248500833C40 /* MealViewModel.swift */,
				BB793B252632698D00E3AB09 /* SearchViewModel.swift */,
			);
			path = ViewModel;
			sourceTree = "<group>";
		};
		BBF0BA14262FC48F007296B1 /* CoreData */ = {
			isa = PBXGroup;
			children = (
				BBF0BA21262FC9C0007296B1 /* FavoriteMeal+CoreDataClass.swift */,
				BBF0BA22262FC9C0007296B1 /* FavoriteMeal+CoreDataProperties.swift */,
				BB56F881262963A100161F72 /* MealAPI.xcdatamodeld */,
			);
			path = CoreData;
			sourceTree = "<group>";
		};
/* End PBXGroup section */

/* Begin PBXNativeTarget section */
		BB56F877262963A100161F72 /* MealAPI */ = {
			isa = PBXNativeTarget;
			buildConfigurationList = BB56F88F262963A200161F72 /* Build configuration list for PBXNativeTarget "MealAPI" */;
			buildPhases = (
				BB56F874262963A100161F72 /* Sources */,
				BB56F875262963A100161F72 /* Frameworks */,
				BB56F876262963A100161F72 /* Resources */,
			);
			buildRules = (
			);
			dependencies = (
			);
			name = MealAPI;
			packageProductDependencies = (
				BB56F8C02629648400161F72 /* SwiftyJSON */,
				BB6A5A402629DB1C00359D04 /* SDWebImageSwiftUI */,
			);
			productName = MealAPI;
			productReference = BB56F878262963A100161F72 /* MealAPI.app */;
			productType = "com.apple.product-type.application";
		};
/* End PBXNativeTarget section */

/* Begin PBXProject section */
		BB56F870262963A100161F72 /* Project object */ = {
			isa = PBXProject;
			attributes = {
				LastSwiftUpdateCheck = 1230;
				LastUpgradeCheck = 1230;
				TargetAttributes = {
					BB56F877262963A100161F72 = {
						CreatedOnToolsVersion = 12.3;
					};
				};
			};
			buildConfigurationList = BB56F873262963A100161F72 /* Build configuration list for PBXProject "MealAPI" */;
			compatibilityVersion = "Xcode 9.3";
			developmentRegion = en;
			hasScannedForEncodings = 0;
			knownRegions = (
				en,
				Base,
			);
			mainGroup = BB56F86F262963A100161F72;
			packageReferences = (
				BB56F8BF2629648400161F72 /* XCRemoteSwiftPackageReference "SwiftyJSON" */,
				BB6A5A3F2629DB1C00359D04 /* XCRemoteSwiftPackageReference "SDWebImageSwiftUI" */,
			);
			productRefGroup = BB56F879262963A100161F72 /* Products */;
			projectDirPath = "";
			projectRoot = "";
			targets = (
				BB56F877262963A100161F72 /* MealAPI */,
			);
		};
/* End PBXProject section */

/* Begin PBXResourcesBuildPhase section */
		BB56F876262963A100161F72 /* Resources */ = {
			isa = PBXResourcesBuildPhase;
			buildActionMask = 2147483647;
			files = (
				BB56F88B262963A200161F72 /* LaunchScreen.storyboard in Resources */,
				BB56F888262963A200161F72 /* Preview Assets.xcassets in Resources */,
				BB56F885262963A200161F72 /* Assets.xcassets in Resources */,
			);
			runOnlyForDeploymentPostprocessing = 0;
		};
/* End PBXResourcesBuildPhase section */

/* Begin PBXSourcesBuildPhase section */
		BB56F874262963A100161F72 /* Sources */ = {
			isa = PBXSourcesBuildPhase;
			buildActionMask = 2147483647;
			files = (
				BB865172262D243900833C40 /* Meal.swift in Sources */,
				BB56F87C262963A100161F72 /* AppDelegate.swift in Sources */,
				BB865178262D269600833C40 /* MealList.swift in Sources */,
				BBF0BA2A262FCBA1007296B1 /* FavoriteMealDetail.swift in Sources */,
				BB56F883262963A100161F72 /* MealAPI.xcdatamodeld in Sources */,
				BBF0BA27262FCAF8007296B1 /* FavoriteMealList.swift in Sources */,
				BBF0BA23262FC9C0007296B1 /* FavoriteMeal+CoreDataClass.swift in Sources */,
				BB56F87E262963A100161F72 /* SceneDelegate.swift in Sources */,
				BB793B2926326A1400E3AB09 /* SearchList.swift in Sources */,
				BB793B262632698D00E3AB09 /* SearchViewModel.swift in Sources */,
				BB86517C262D26AC00833C40 /* MealDetail.swift in Sources */,
				BB56F880262963A100161F72 /* ContentView.swift in Sources */,
				BB86517F262D26BB00833C40 /* Profile.swift in Sources */,
				BBF0BA24262FC9C0007296B1 /* FavoriteMeal+CoreDataProperties.swift in Sources */,
				BB865175262D248500833C40 /* MealViewModel.swift in Sources */,
			);
			runOnlyForDeploymentPostprocessing = 0;
		};
/* End PBXSourcesBuildPhase section */

/* Begin PBXVariantGroup section */
		BB56F889262963A200161F72 /* LaunchScreen.storyboard */ = {
			isa = PBXVariantGroup;
			children = (
				BB56F88A262963A200161F72 /* Base */,
			);
			name = LaunchScreen.storyboard;
			sourceTree = "<group>";
		};
/* End PBXVariantGroup section */

/* Begin XCBuildConfiguration section */
		BB56F88D262963A200161F72 /* Debug */ = {
			isa = XCBuildConfiguration;
			buildSettings = {
				ALWAYS_SEARCH_USER_PATHS = NO;
				CLANG_ANALYZER_NONNULL = YES;
				CLANG_ANALYZER_NUMBER_OBJECT_CONVERSION = YES_AGGRESSIVE;
				CLANG_CXX_LANGUAGE_STANDARD = "gnu++14";
				CLANG_CXX_LIBRARY = "libc++";
				CLANG_ENABLE_MODULES = YES;
				CLANG_ENABLE_OBJC_ARC = YES;
				CLANG_ENABLE_OBJC_WEAK = YES;
				CLANG_WARN_BLOCK_CAPTURE_AUTORELEASING = YES;
				CLANG_WARN_BOOL_CONVERSION = YES;
				CLANG_WARN_COMMA = YES;
				CLANG_WARN_CONSTANT_CONVERSION = YES;
				CLANG_WARN_DEPRECATED_OBJC_IMPLEMENTATIONS = YES;
				CLANG_WARN_DIRECT_OBJC_ISA_USAGE = YES_ERROR;
				CLANG_WARN_DOCUMENTATION_COMMENTS = YES;
				CLANG_WARN_EMPTY_BODY = YES;
				CLANG_WARN_ENUM_CONVERSION = YES;
				CLANG_WARN_INFINITE_RECURSION = YES;
				CLANG_WARN_INT_CONVERSION = YES;
				CLANG_WARN_NON_LITERAL_NULL_CONVERSION = YES;
				CLANG_WARN_OBJC_IMPLICIT_RETAIN_SELF = YES;
				CLANG_WARN_OBJC_LITERAL_CONVERSION = YES;
				CLANG_WARN_OBJC_ROOT_CLASS = YES_ERROR;
				CLANG_WARN_QUOTED_INCLUDE_IN_FRAMEWORK_HEADER = YES;
				CLANG_WARN_RANGE_LOOP_ANALYSIS = YES;
				CLANG_WARN_STRICT_PROTOTYPES = YES;
				CLANG_WARN_SUSPICIOUS_MOVE = YES;
				CLANG_WARN_UNGUARDED_AVAILABILITY = YES_AGGRESSIVE;
				CLANG_WARN_UNREACHABLE_CODE = YES;
				CLANG_WARN__DUPLICATE_METHOD_MATCH = YES;
				COPY_PHASE_STRIP = NO;
				DEBUG_INFORMATION_FORMAT = dwarf;
				ENABLE_STRICT_OBJC_MSGSEND = YES;
				ENABLE_TESTABILITY = YES;
				GCC_C_LANGUAGE_STANDARD = gnu11;
				GCC_DYNAMIC_NO_PIC = NO;
				GCC_NO_COMMON_BLOCKS = YES;
				GCC_OPTIMIZATION_LEVEL = 0;
				GCC_PREPROCESSOR_DEFINITIONS = (
					"DEBUG=1",
					"$(inherited)",
				);
				GCC_WARN_64_TO_32_BIT_CONVERSION = YES;
				GCC_WARN_ABOUT_RETURN_TYPE = YES_ERROR;
				GCC_WARN_UNDECLARED_SELECTOR = YES;
				GCC_WARN_UNINITIALIZED_AUTOS = YES_AGGRESSIVE;
				GCC_WARN_UNUSED_FUNCTION = YES;
				GCC_WARN_UNUSED_VARIABLE = YES;
				IPHONEOS_DEPLOYMENT_TARGET = 14.3;
				MTL_ENABLE_DEBUG_INFO = INCLUDE_SOURCE;
				MTL_FAST_MATH = YES;
				ONLY_ACTIVE_ARCH = YES;
				SDKROOT = iphoneos;
				SWIFT_ACTIVE_COMPILATION_CONDITIONS = DEBUG;
				SWIFT_OPTIMIZATION_LEVEL = "-Onone";
			};
			name = Debug;
		};
		BB56F88E262963A200161F72 /* Release */ = {
			isa = XCBuildConfiguration;
			buildSettings = {
				ALWAYS_SEARCH_USER_PATHS = NO;
				CLANG_ANALYZER_NONNULL = YES;
				CLANG_ANALYZER_NUMBER_OBJECT_CONVERSION = YES_AGGRESSIVE;
				CLANG_CXX_LANGUAGE_STANDARD = "gnu++14";
				CLANG_CXX_LIBRARY = "libc++";
				CLANG_ENABLE_MODULES = YES;
				CLANG_ENABLE_OBJC_ARC = YES;
				CLANG_ENABLE_OBJC_WEAK = YES;
				CLANG_WARN_BLOCK_CAPTURE_AUTORELEASING = YES;
				CLANG_WARN_BOOL_CONVERSION = YES;
				CLANG_WARN_COMMA = YES;
				CLANG_WARN_CONSTANT_CONVERSION = YES;
				CLANG_WARN_DEPRECATED_OBJC_IMPLEMENTATIONS = YES;
				CLANG_WARN_DIRECT_OBJC_ISA_USAGE = YES_ERROR;
				CLANG_WARN_DOCUMENTATION_COMMENTS = YES;
				CLANG_WARN_EMPTY_BODY = YES;
				CLANG_WARN_ENUM_CONVERSION = YES;
				CLANG_WARN_INFINITE_RECURSION = YES;
				CLANG_WARN_INT_CONVERSION = YES;
				CLANG_WARN_NON_LITERAL_NULL_CONVERSION = YES;
				CLANG_WARN_OBJC_IMPLICIT_RETAIN_SELF = YES;
				CLANG_WARN_OBJC_LITERAL_CONVERSION = YES;
				CLANG_WARN_OBJC_ROOT_CLASS = YES_ERROR;
				CLANG_WARN_QUOTED_INCLUDE_IN_FRAMEWORK_HEADER = YES;
				CLANG_WARN_RANGE_LOOP_ANALYSIS = YES;
				CLANG_WARN_STRICT_PROTOTYPES = YES;
				CLANG_WARN_SUSPICIOUS_MOVE = YES;
				CLANG_WARN_UNGUARDED_AVAILABILITY = YES_AGGRESSIVE;
				CLANG_WARN_UNREACHABLE_CODE = YES;
				CLANG_WARN__DUPLICATE_METHOD_MATCH = YES;
				COPY_PHASE_STRIP = NO;
				DEBUG_INFORMATION_FORMAT = "dwarf-with-dsym";
				ENABLE_NS_ASSERTIONS = NO;
				ENABLE_STRICT_OBJC_MSGSEND = YES;
				GCC_C_LANGUAGE_STANDARD = gnu11;
				GCC_NO_COMMON_BLOCKS = YES;
				GCC_WARN_64_TO_32_BIT_CONVERSION = YES;
				GCC_WARN_ABOUT_RETURN_TYPE = YES_ERROR;
				GCC_WARN_UNDECLARED_SELECTOR = YES;
				GCC_WARN_UNINITIALIZED_AUTOS = YES_AGGRESSIVE;
				GCC_WARN_UNUSED_FUNCTION = YES;
				GCC_WARN_UNUSED_VARIABLE = YES;
				IPHONEOS_DEPLOYMENT_TARGET = 14.3;
				MTL_ENABLE_DEBUG_INFO = NO;
				MTL_FAST_MATH = YES;
				SDKROOT = iphoneos;
				SWIFT_COMPILATION_MODE = wholemodule;
				SWIFT_OPTIMIZATION_LEVEL = "-O";
				VALIDATE_PRODUCT = YES;
			};
			name = Release;
		};
		BB56F890262963A200161F72 /* Debug */ = {
			isa = XCBuildConfiguration;
			buildSettings = {
				ASSETCATALOG_COMPILER_APPICON_NAME = AppIcon;
				ASSETCATALOG_COMPILER_GLOBAL_ACCENT_COLOR_NAME = AccentColor;
				CODE_SIGN_STYLE = Automatic;
				DEVELOPMENT_ASSET_PATHS = "\"MealAPI/Preview Content\"";
				DEVELOPMENT_TEAM = M68SWZWF5R;
				ENABLE_PREVIEWS = YES;
				INFOPLIST_FILE = MealAPI/Info.plist;
				LD_RUNPATH_SEARCH_PATHS = (
					"$(inherited)",
					"@executable_path/Frameworks",
				);
				PRODUCT_BUNDLE_IDENTIFIER = com.darell.MealAPI;
				PRODUCT_NAME = "$(TARGET_NAME)";
				SWIFT_VERSION = 5.0;
				TARGETED_DEVICE_FAMILY = "1,2";
			};
			name = Debug;
		};
		BB56F891262963A200161F72 /* Release */ = {
			isa = XCBuildConfiguration;
			buildSettings = {
				ASSETCATALOG_COMPILER_APPICON_NAME = AppIcon;
				ASSETCATALOG_COMPILER_GLOBAL_ACCENT_COLOR_NAME = AccentColor;
				CODE_SIGN_STYLE = Automatic;
				DEVELOPMENT_ASSET_PATHS = "\"MealAPI/Preview Content\"";
				DEVELOPMENT_TEAM = M68SWZWF5R;
				ENABLE_PREVIEWS = YES;
				INFOPLIST_FILE = MealAPI/Info.plist;
				LD_RUNPATH_SEARCH_PATHS = (
					"$(inherited)",
					"@executable_path/Frameworks",
				);
				PRODUCT_BUNDLE_IDENTIFIER = com.darell.MealAPI;
				PRODUCT_NAME = "$(TARGET_NAME)";
				SWIFT_VERSION = 5.0;
				TARGETED_DEVICE_FAMILY = "1,2";
			};
			name = Release;
		};
/* End XCBuildConfiguration section */

/* Begin XCConfigurationList section */
		BB56F873262963A100161F72 /* Build configuration list for PBXProject "MealAPI" */ = {
			isa = XCConfigurationList;
			buildConfigurations = (
				BB56F88D262963A200161F72 /* Debug */,
				BB56F88E262963A200161F72 /* Release */,
			);
			defaultConfigurationIsVisible = 0;
			defaultConfigurationName = Release;
		};
		BB56F88F262963A200161F72 /* Build configuration list for PBXNativeTarget "MealAPI" */ = {
			isa = XCConfigurationList;
			buildConfigurations = (
				BB56F890262963A200161F72 /* Debug */,
				BB56F891262963A200161F72 /* Release */,
			);
			defaultConfigurationIsVisible = 0;
			defaultConfigurationName = Release;
		};
/* End XCConfigurationList section */

/* Begin XCRemoteSwiftPackageReference section */
		BB56F8BF2629648400161F72 /* XCRemoteSwiftPackageReference "SwiftyJSON" */ = {
			isa = XCRemoteSwiftPackageReference;
			repositoryURL = "https://github.com/SwiftyJSON/SwiftyJSON";
			requirement = {
				kind = upToNextMajorVersion;
				minimumVersion = 5.0.1;
			};
		};
		BB6A5A3F2629DB1C00359D04 /* XCRemoteSwiftPackageReference "SDWebImageSwiftUI" */ = {
			isa = XCRemoteSwiftPackageReference;
			repositoryURL = "https://github.com/SDWebImage/SDWebImageSwiftUI";
			requirement = {
				kind = upToNextMajorVersion;
				minimumVersion = 2.0.2;
			};
		};
/* End XCRemoteSwiftPackageReference section */

/* Begin XCSwiftPackageProductDependency section */
		BB56F8C02629648400161F72 /* SwiftyJSON */ = {
			isa = XCSwiftPackageProductDependency;
			package = BB56F8BF2629648400161F72 /* XCRemoteSwiftPackageReference "SwiftyJSON" */;
			productName = SwiftyJSON;
		};
		BB6A5A402629DB1C00359D04 /* SDWebImageSwiftUI */ = {
			isa = XCSwiftPackageProductDependency;
			package = BB6A5A3F2629DB1C00359D04 /* XCRemoteSwiftPackageReference "SDWebImageSwiftUI" */;
			productName = SDWebImageSwiftUI;
		};
/* End XCSwiftPackageProductDependency section */

/* Begin XCVersionGroup section */
		BB56F881262963A100161F72 /* MealAPI.xcdatamodeld */ = {
			isa = XCVersionGroup;
			children = (
				BB56F882262963A100161F72 /* MealAPI.xcdatamodel */,
			);
			currentVersion = BB56F882262963A100161F72 /* MealAPI.xcdatamodel */;
			path = MealAPI.xcdatamodeld;
			sourceTree = "<group>";
			versionGroupType = wrapper.xcdatamodel;
		};
/* End XCVersionGroup section */
	};
	rootObject = BB56F870262963A100161F72 /* Project object */;
}
